
Microsoft Visual Studio Solution File, Format Version 12.00
# Visual Studio Version 17
VisualStudioVersion = 17.5.002.0
MinimumVisualStudioVersion = 10.0.40219.1
Project("{9A19103F-16F7-4668-BE54-9A1E7A4F7556}") = "Flat", "Flat\Flat.csproj", "{28A53D79-F816-45CE-B8B2-5753C8FD1D64}"
EndProject
Project("{9A19103F-16F7-4668-BE54-9A1E7A4F7556}") = "Physics", "Physics\Physics.csproj", "{A71744E3-A7DC-479B-B945-42A813085A79}"
EndProject
Global
	GlobalSection(SolutionConfigurationPlatforms) = preSolution
		Debug|Any CPU = Debug|Any CPU
		Release|Any CPU = Release|Any CPU
	EndGlobalSection
	GlobalSection(ProjectConfigurationPlatforms) = postSolution
		{28A53D79-F816-45CE-B8B2-5753C8FD1D64}.Debug|Any CPU.ActiveCfg = Debug|Any CPU
		{28A53D79-F816-45CE-B8B2-5753C8FD1D64}.Debug|Any CPU.Build.0 = Debug|Any CPU
		{28A53D79-F816-45CE-B8B2-5753C8FD1D64}.Release|Any CPU.ActiveCfg = Release|Any CPU
		{28A53D79-F816-45CE-B8B2-5753C8FD1D64}.Release|Any CPU.Build.0 = Release|Any CPU
		{A71744E3-A7DC-479B-B945-42A813085A79}.Debug|Any CPU.ActiveCfg = Debug|Any CPU
		{A71744E3-A7DC-479B-B945-42A813085A79}.Debug|Any CPU.Build.0 = Debug|Any CPU
		{A71744E3-A7DC-479B-B945-42A813085A79}.Release|Any CPU.ActiveCfg = Release|Any CPU
		{A71744E3-A7DC-479B-B945-42A813085A79}.Release|Any CPU.Build.0 = Release|Any CPU
	EndGlobalSection
	GlobalSection(SolutionProperties) = preSolution
		HideSolutionNode = FALSE
	EndGlobalSection
	GlobalSection(ExtensibilityGlobals) = postSolution
		SolutionGuid = {FD5DB3D5-6231-4F21-9172-81CC989220DC}
	EndGlobalSection
EndGlobal
